// !$*UTF8*$!
{
	archiveVersion = 1;
	classes = {
	};
	objectVersion = 56;
	objects = {

/* Begin PBXBuildFile section */
		0A5C910AEFE98A32FD64AB32 /* Pods_iMoodi_iMoodiUITests.framework in Frameworks */ = {isa = PBXBuildFile; fileRef = EE5EA476ABFE6AC8A770F6A4 /* Pods_iMoodi_iMoodiUITests.framework */; };
		0B44B367C7C77291F54977CC /* Pods_iMoodiTests.framework in Frameworks */ = {isa = PBXBuildFile; fileRef = BD9C11074CDD50A75F9475E4 /* Pods_iMoodiTests.framework */; };
		87D9A054E3BAF58153D88971 /* Pods_iMoodi.framework in Frameworks */ = {isa = PBXBuildFile; fileRef = 4306AE13CBF2CE02C4D26D90 /* Pods_iMoodi.framework */; };
		890D480D2B39A889002140BD /* AppDelegate.swift in Sources */ = {isa = PBXBuildFile; fileRef = 890D480C2B39A889002140BD /* AppDelegate.swift */; };
		890D480F2B39A88A002140BD /* SceneDelegate.swift in Sources */ = {isa = PBXBuildFile; fileRef = 890D480E2B39A88A002140BD /* SceneDelegate.swift */; };
		890D48112B39A88A002140BD /* HomeViewController.swift in Sources */ = {isa = PBXBuildFile; fileRef = 890D48102B39A88A002140BD /* HomeViewController.swift */; };
		890D48142B39A88A002140BD /* Main.storyboard in Resources */ = {isa = PBXBuildFile; fileRef = 890D48122B39A88A002140BD /* Main.storyboard */; };
		890D48162B39A88B002140BD /* Assets.xcassets in Resources */ = {isa = PBXBuildFile; fileRef = 890D48152B39A88B002140BD /* Assets.xcassets */; };
		890D48192B39A88B002140BD /* LaunchScreen.storyboard in Resources */ = {isa = PBXBuildFile; fileRef = 890D48172B39A88B002140BD /* LaunchScreen.storyboard */; };
		890D48242B39A88B002140BD /* iMoodiTests.swift in Sources */ = {isa = PBXBuildFile; fileRef = 890D48232B39A88B002140BD /* iMoodiTests.swift */; };
		890D482E2B39A88B002140BD /* iMoodiUITests.swift in Sources */ = {isa = PBXBuildFile; fileRef = 890D482D2B39A88B002140BD /* iMoodiUITests.swift */; };
		890D48302B39A88B002140BD /* iMoodiUITestsLaunchTests.swift in Sources */ = {isa = PBXBuildFile; fileRef = 890D482F2B39A88B002140BD /* iMoodiUITestsLaunchTests.swift */; };
		897CB9902B41A61A00E8CCBE /* MessageCell.swift in Sources */ = {isa = PBXBuildFile; fileRef = 897CB98E2B41A61A00E8CCBE /* MessageCell.swift */; };
		897CB9912B41A61A00E8CCBE /* MessageCell.xib in Resources */ = {isa = PBXBuildFile; fileRef = 897CB98F2B41A61A00E8CCBE /* MessageCell.xib */; };
		89A6FDD92B3FF1B300CE4B6A /* Constants.swift in Sources */ = {isa = PBXBuildFile; fileRef = 89A6FDD82B3FF1B300CE4B6A /* Constants.swift */; };
		89A6FDDB2B3FF3C700CE4B6A /* GoogleService-Info.plist in Resources */ = {isa = PBXBuildFile; fileRef = 89A6FDDA2B3FF3C700CE4B6A /* GoogleService-Info.plist */; };
		89A6FDDD2B3FF48500CE4B6A /* LoginViewController.swift in Sources */ = {isa = PBXBuildFile; fileRef = 89A6FDDC2B3FF48500CE4B6A /* LoginViewController.swift */; };
		89BAFAF42B4F83E7008E7B28 /* CreateUserController.swift in Sources */ = {isa = PBXBuildFile; fileRef = 89BAFAF32B4F83E7008E7B28 /* CreateUserController.swift */; };
		89BAFAF62B4F868F008E7B28 /* ToastMessageView.swift in Sources */ = {isa = PBXBuildFile; fileRef = 89BAFAF52B4F868F008E7B28 /* ToastMessageView.swift */; };
		89C869B62B3EC8880035D4F0 /* SearchViewController.swift in Sources */ = {isa = PBXBuildFile; fileRef = 89C869B52B3EC8880035D4F0 /* SearchViewController.swift */; };
		89C869B82B3EC89D0035D4F0 /* ChatViewController.swift in Sources */ = {isa = PBXBuildFile; fileRef = 89C869B72B3EC89D0035D4F0 /* ChatViewController.swift */; };
		89D04E252B4014A0002921CF /* FeedsViewCell.swift in Sources */ = {isa = PBXBuildFile; fileRef = 89D04E232B4014A0002921CF /* FeedsViewCell.swift */; };
		89D04E262B4014A0002921CF /* FeedsViewCell.xib in Resources */ = {isa = PBXBuildFile; fileRef = 89D04E242B4014A0002921CF /* FeedsViewCell.xib */; };
		89D04E292B401881002921CF /* ApiManager.swift in Sources */ = {isa = PBXBuildFile; fileRef = 89D04E282B401881002921CF /* ApiManager.swift */; };
		89D04E2B2B40190E002921CF /* PhotoListData.swift in Sources */ = {isa = PBXBuildFile; fileRef = 89D04E2A2B40190E002921CF /* PhotoListData.swift */; };
		89D04E2D2B401AC5002921CF /* PhotoListModel.swift in Sources */ = {isa = PBXBuildFile; fileRef = 89D04E2C2B401AC5002921CF /* PhotoListModel.swift */; };
/* End PBXBuildFile section */

/* Begin PBXContainerItemProxy section */
		890D48202B39A88B002140BD /* PBXContainerItemProxy */ = {
			isa = PBXContainerItemProxy;
			containerPortal = 890D48012B39A889002140BD /* Project object */;
			proxyType = 1;
			remoteGlobalIDString = 890D48082B39A889002140BD;
			remoteInfo = iMoodi;
		};
		890D482A2B39A88B002140BD /* PBXContainerItemProxy */ = {
			isa = PBXContainerItemProxy;
			containerPortal = 890D48012B39A889002140BD /* Project object */;
			proxyType = 1;
			remoteGlobalIDString = 890D48082B39A889002140BD;
			remoteInfo = iMoodi;
		};
/* End PBXContainerItemProxy section */

/* Begin PBXFileReference section */
		4306AE13CBF2CE02C4D26D90 /* Pods_iMoodi.framework */ = {isa = PBXFileReference; explicitFileType = wrapper.framework; includeInIndex = 0; path = Pods_iMoodi.framework; sourceTree = BUILT_PRODUCTS_DIR; };
		538579C03F333B5F6BB84FEC /* Pods-iMoodiTests.release.xcconfig */ = {isa = PBXFileReference; includeInIndex = 1; lastKnownFileType = text.xcconfig; name = "Pods-iMoodiTests.release.xcconfig"; path = "Target Support Files/Pods-iMoodiTests/Pods-iMoodiTests.release.xcconfig"; sourceTree = "<group>"; };
		890D48092B39A889002140BD /* iMoodi.app */ = {isa = PBXFileReference; explicitFileType = wrapper.application; includeInIndex = 0; path = iMoodi.app; sourceTree = BUILT_PRODUCTS_DIR; };
		890D480C2B39A889002140BD /* AppDelegate.swift */ = {isa = PBXFileReference; lastKnownFileType = sourcecode.swift; path = AppDelegate.swift; sourceTree = "<group>"; };
		890D480E2B39A88A002140BD /* SceneDelegate.swift */ = {isa = PBXFileReference; lastKnownFileType = sourcecode.swift; path = SceneDelegate.swift; sourceTree = "<group>"; };
		890D48102B39A88A002140BD /* HomeViewController.swift */ = {isa = PBXFileReference; lastKnownFileType = sourcecode.swift; path = HomeViewController.swift; sourceTree = "<group>"; };
		890D48132B39A88A002140BD /* Base */ = {isa = PBXFileReference; lastKnownFileType = file.storyboard; name = Base; path = Base.lproj/Main.storyboard; sourceTree = "<group>"; };
		890D48152B39A88B002140BD /* Assets.xcassets */ = {isa = PBXFileReference; lastKnownFileType = folder.assetcatalog; path = Assets.xcassets; sourceTree = "<group>"; };
		890D48182B39A88B002140BD /* Base */ = {isa = PBXFileReference; lastKnownFileType = file.storyboard; name = Base; path = Base.lproj/LaunchScreen.storyboard; sourceTree = "<group>"; };
		890D481A2B39A88B002140BD /* Info.plist */ = {isa = PBXFileReference; lastKnownFileType = text.plist.xml; path = Info.plist; sourceTree = "<group>"; };
		890D481F2B39A88B002140BD /* iMoodiTests.xctest */ = {isa = PBXFileReference; explicitFileType = wrapper.cfbundle; includeInIndex = 0; path = iMoodiTests.xctest; sourceTree = BUILT_PRODUCTS_DIR; };
		890D48232B39A88B002140BD /* iMoodiTests.swift */ = {isa = PBXFileReference; lastKnownFileType = sourcecode.swift; path = iMoodiTests.swift; sourceTree = "<group>"; };
		890D48292B39A88B002140BD /* iMoodiUITests.xctest */ = {isa = PBXFileReference; explicitFileType = wrapper.cfbundle; includeInIndex = 0; path = iMoodiUITests.xctest; sourceTree = BUILT_PRODUCTS_DIR; };
		890D482D2B39A88B002140BD /* iMoodiUITests.swift */ = {isa = PBXFileReference; lastKnownFileType = sourcecode.swift; path = iMoodiUITests.swift; sourceTree = "<group>"; };
		890D482F2B39A88B002140BD /* iMoodiUITestsLaunchTests.swift */ = {isa = PBXFileReference; lastKnownFileType = sourcecode.swift; path = iMoodiUITestsLaunchTests.swift; sourceTree = "<group>"; };
		897CB98E2B41A61A00E8CCBE /* MessageCell.swift */ = {isa = PBXFileReference; fileEncoding = 4; lastKnownFileType = sourcecode.swift; path = MessageCell.swift; sourceTree = "<group>"; };
		897CB98F2B41A61A00E8CCBE /* MessageCell.xib */ = {isa = PBXFileReference; fileEncoding = 4; lastKnownFileType = file.xib; path = MessageCell.xib; sourceTree = "<group>"; };
		89A6FDD82B3FF1B300CE4B6A /* Constants.swift */ = {isa = PBXFileReference; lastKnownFileType = sourcecode.swift; path = Constants.swift; sourceTree = "<group>"; };
		89A6FDDA2B3FF3C700CE4B6A /* GoogleService-Info.plist */ = {isa = PBXFileReference; fileEncoding = 4; lastKnownFileType = text.plist.xml; path = "GoogleService-Info.plist"; sourceTree = "<group>"; };
		89A6FDDC2B3FF48500CE4B6A /* LoginViewController.swift */ = {isa = PBXFileReference; lastKnownFileType = sourcecode.swift; path = LoginViewController.swift; sourceTree = "<group>"; };
		89BAFAF32B4F83E7008E7B28 /* CreateUserController.swift */ = {isa = PBXFileReference; lastKnownFileType = sourcecode.swift; path = CreateUserController.swift; sourceTree = "<group>"; };
		89BAFAF52B4F868F008E7B28 /* ToastMessageView.swift */ = {isa = PBXFileReference; lastKnownFileType = sourcecode.swift; path = ToastMessageView.swift; sourceTree = "<group>"; };
		89C869B52B3EC8880035D4F0 /* SearchViewController.swift */ = {isa = PBXFileReference; lastKnownFileType = sourcecode.swift; path = SearchViewController.swift; sourceTree = "<group>"; };
		89C869B72B3EC89D0035D4F0 /* ChatViewController.swift */ = {isa = PBXFileReference; lastKnownFileType = sourcecode.swift; path = ChatViewController.swift; sourceTree = "<group>"; };
		89D04E232B4014A0002921CF /* FeedsViewCell.swift */ = {isa = PBXFileReference; lastKnownFileType = sourcecode.swift; path = FeedsViewCell.swift; sourceTree = "<group>"; };
		89D04E242B4014A0002921CF /* FeedsViewCell.xib */ = {isa = PBXFileReference; lastKnownFileType = file.xib; path = FeedsViewCell.xib; sourceTree = "<group>"; };
		89D04E282B401881002921CF /* ApiManager.swift */ = {isa = PBXFileReference; lastKnownFileType = sourcecode.swift; path = ApiManager.swift; sourceTree = "<group>"; };
		89D04E2A2B40190E002921CF /* PhotoListData.swift */ = {isa = PBXFileReference; lastKnownFileType = sourcecode.swift; path = PhotoListData.swift; sourceTree = "<group>"; };
		89D04E2C2B401AC5002921CF /* PhotoListModel.swift */ = {isa = PBXFileReference; lastKnownFileType = sourcecode.swift; path = PhotoListModel.swift; sourceTree = "<group>"; };
		A075D8C1C242F4DF2F99F2D6 /* Pods-iMoodiTests.debug.xcconfig */ = {isa = PBXFileReference; includeInIndex = 1; lastKnownFileType = text.xcconfig; name = "Pods-iMoodiTests.debug.xcconfig"; path = "Target Support Files/Pods-iMoodiTests/Pods-iMoodiTests.debug.xcconfig"; sourceTree = "<group>"; };
		BCF88BA8558419146A58131D /* Pods-iMoodi-iMoodiUITests.release.xcconfig */ = {isa = PBXFileReference; includeInIndex = 1; lastKnownFileType = text.xcconfig; name = "Pods-iMoodi-iMoodiUITests.release.xcconfig"; path = "Target Support Files/Pods-iMoodi-iMoodiUITests/Pods-iMoodi-iMoodiUITests.release.xcconfig"; sourceTree = "<group>"; };
		BD9C11074CDD50A75F9475E4 /* Pods_iMoodiTests.framework */ = {isa = PBXFileReference; explicitFileType = wrapper.framework; includeInIndex = 0; path = Pods_iMoodiTests.framework; sourceTree = BUILT_PRODUCTS_DIR; };
		EE5EA476ABFE6AC8A770F6A4 /* Pods_iMoodi_iMoodiUITests.framework */ = {isa = PBXFileReference; explicitFileType = wrapper.framework; includeInIndex = 0; path = Pods_iMoodi_iMoodiUITests.framework; sourceTree = BUILT_PRODUCTS_DIR; };
		EE75A19644E2451117871BAF /* Pods-iMoodi.release.xcconfig */ = {isa = PBXFileReference; includeInIndex = 1; lastKnownFileType = text.xcconfig; name = "Pods-iMoodi.release.xcconfig"; path = "Target Support Files/Pods-iMoodi/Pods-iMoodi.release.xcconfig"; sourceTree = "<group>"; };
		F448AC129833E9BCA6C67D13 /* Pods-iMoodi-iMoodiUITests.debug.xcconfig */ = {isa = PBXFileReference; includeInIndex = 1; lastKnownFileType = text.xcconfig; name = "Pods-iMoodi-iMoodiUITests.debug.xcconfig"; path = "Target Support Files/Pods-iMoodi-iMoodiUITests/Pods-iMoodi-iMoodiUITests.debug.xcconfig"; sourceTree = "<group>"; };
		FD19BFB2A2FE0D04C0299207 /* Pods-iMoodi.debug.xcconfig */ = {isa = PBXFileReference; includeInIndex = 1; lastKnownFileType = text.xcconfig; name = "Pods-iMoodi.debug.xcconfig"; path = "Target Support Files/Pods-iMoodi/Pods-iMoodi.debug.xcconfig"; sourceTree = "<group>"; };
/* End PBXFileReference section */

/* Begin PBXFrameworksBuildPhase section */
		890D48062B39A889002140BD /* Frameworks */ = {
			isa = PBXFrameworksBuildPhase;
			buildActionMask = 2147483647;
			files = (
				87D9A054E3BAF58153D88971 /* Pods_iMoodi.framework in Frameworks */,
			);
			runOnlyForDeploymentPostprocessing = 0;
		};
		890D481C2B39A88B002140BD /* Frameworks */ = {
			isa = PBXFrameworksBuildPhase;
			buildActionMask = 2147483647;
			files = (
				0B44B367C7C77291F54977CC /* Pods_iMoodiTests.framework in Frameworks */,
			);
			runOnlyForDeploymentPostprocessing = 0;
		};
		890D48262B39A88B002140BD /* Frameworks */ = {
			isa = PBXFrameworksBuildPhase;
			buildActionMask = 2147483647;
			files = (
				0A5C910AEFE98A32FD64AB32 /* Pods_iMoodi_iMoodiUITests.framework in Frameworks */,
			);
			runOnlyForDeploymentPostprocessing = 0;
		};
/* End PBXFrameworksBuildPhase section */

/* Begin PBXGroup section */
		01B72EC8FE089C473DB4D21E /* Pods */ = {
			isa = PBXGroup;
			children = (
				FD19BFB2A2FE0D04C0299207 /* Pods-iMoodi.debug.xcconfig */,
				EE75A19644E2451117871BAF /* Pods-iMoodi.release.xcconfig */,
				F448AC129833E9BCA6C67D13 /* Pods-iMoodi-iMoodiUITests.debug.xcconfig */,
				BCF88BA8558419146A58131D /* Pods-iMoodi-iMoodiUITests.release.xcconfig */,
				A075D8C1C242F4DF2F99F2D6 /* Pods-iMoodiTests.debug.xcconfig */,
				538579C03F333B5F6BB84FEC /* Pods-iMoodiTests.release.xcconfig */,
			);
			path = Pods;
			sourceTree = "<group>";
		};
		4929D002B84184730BDEAD86 /* Frameworks */ = {
			isa = PBXGroup;
			children = (
				4306AE13CBF2CE02C4D26D90 /* Pods_iMoodi.framework */,
				EE5EA476ABFE6AC8A770F6A4 /* Pods_iMoodi_iMoodiUITests.framework */,
				BD9C11074CDD50A75F9475E4 /* Pods_iMoodiTests.framework */,
			);
			name = Frameworks;
			sourceTree = "<group>";
		};
		890D48002B39A889002140BD = {
			isa = PBXGroup;
			children = (
				890D480B2B39A889002140BD /* iMoodi */,
				890D48222B39A88B002140BD /* iMoodiTests */,
				890D482C2B39A88B002140BD /* iMoodiUITests */,
				890D480A2B39A889002140BD /* Products */,
				01B72EC8FE089C473DB4D21E /* Pods */,
				4929D002B84184730BDEAD86 /* Frameworks */,
			);
			sourceTree = "<group>";
		};
		890D480A2B39A889002140BD /* Products */ = {
			isa = PBXGroup;
			children = (
				890D48092B39A889002140BD /* iMoodi.app */,
				890D481F2B39A88B002140BD /* iMoodiTests.xctest */,
				890D48292B39A88B002140BD /* iMoodiUITests.xctest */,
			);
			name = Products;
			sourceTree = "<group>";
		};
		890D480B2B39A889002140BD /* iMoodi */ = {
			isa = PBXGroup;
			children = (
				890D480C2B39A889002140BD /* AppDelegate.swift */,
				890D48152B39A88B002140BD /* Assets.xcassets */,
				89A6FDD82B3FF1B300CE4B6A /* Constants.swift */,
				89C869B42B3EC84D0035D4F0 /* Controllers */,
				89D04E222B401439002921CF /* Views */,
				89A6FDDA2B3FF3C700CE4B6A /* GoogleService-Info.plist */,
				890D481A2B39A88B002140BD /* Info.plist */,
				890D48172B39A88B002140BD /* LaunchScreen.storyboard */,
				890D48122B39A88A002140BD /* Main.storyboard */,
				89D04E272B401858002921CF /* Model */,
				890D480E2B39A88A002140BD /* SceneDelegate.swift */,
			);
			path = iMoodi;
			sourceTree = "<group>";
		};
		890D48222B39A88B002140BD /* iMoodiTests */ = {
			isa = PBXGroup;
			children = (
				890D48232B39A88B002140BD /* iMoodiTests.swift */,
			);
			path = iMoodiTests;
			sourceTree = "<group>";
		};
		890D482C2B39A88B002140BD /* iMoodiUITests */ = {
			isa = PBXGroup;
			children = (
				890D482D2B39A88B002140BD /* iMoodiUITests.swift */,
				890D482F2B39A88B002140BD /* iMoodiUITestsLaunchTests.swift */,
			);
			path = iMoodiUITests;
			sourceTree = "<group>";
		};
		89C869B42B3EC84D0035D4F0 /* Controllers */ = {
			isa = PBXGroup;
			children = (
				890D48102B39A88A002140BD /* HomeViewController.swift */,
				89C869B52B3EC8880035D4F0 /* SearchViewController.swift */,
				89C869B72B3EC89D0035D4F0 /* ChatViewController.swift */,
				89A6FDDC2B3FF48500CE4B6A /* LoginViewController.swift */,
				89BAFAF32B4F83E7008E7B28 /* CreateUserController.swift */,
			);
			path = Controllers;
			sourceTree = "<group>";
		};
		89D04E222B401439002921CF /* Views */ = {
			isa = PBXGroup;
			children = (
				897CB98E2B41A61A00E8CCBE /* MessageCell.swift */,
				897CB98F2B41A61A00E8CCBE /* MessageCell.xib */,
				89D04E232B4014A0002921CF /* FeedsViewCell.swift */,
				89D04E242B4014A0002921CF /* FeedsViewCell.xib */,
				89BAFAF52B4F868F008E7B28 /* ToastMessageView.swift */,
			);
			path = Views;
			sourceTree = "<group>";
		};
		89D04E272B401858002921CF /* Model */ = {
			isa = PBXGroup;
			children = (
				89D04E282B401881002921CF /* ApiManager.swift */,
				89D04E2A2B40190E002921CF /* PhotoListData.swift */,
				89D04E2C2B401AC5002921CF /* PhotoListModel.swift */,
			);
			path = Model;
			sourceTree = "<group>";
		};
/* End PBXGroup section */

/* Begin PBXNativeTarget section */
		890D48082B39A889002140BD /* iMoodi */ = {
			isa = PBXNativeTarget;
			buildConfigurationList = 890D48332B39A88B002140BD /* Build configuration list for PBXNativeTarget "iMoodi" */;
			buildPhases = (
				A70BC3966F430266E7400126 /* [CP] Check Pods Manifest.lock */,
				890D48052B39A889002140BD /* Sources */,
				890D48062B39A889002140BD /* Frameworks */,
				890D48072B39A889002140BD /* Resources */,
				22A5F4FD49875462F991EBFC /* [CP] Embed Pods Frameworks */,
			);
			buildRules = (
			);
			dependencies = (
			);
			name = iMoodi;
			productName = iMoodi;
			productReference = 890D48092B39A889002140BD /* iMoodi.app */;
			productType = "com.apple.product-type.application";
		};
		890D481E2B39A88B002140BD /* iMoodiTests */ = {
			isa = PBXNativeTarget;
			buildConfigurationList = 890D48362B39A88B002140BD /* Build configuration list for PBXNativeTarget "iMoodiTests" */;
			buildPhases = (
				02CAECD45119C2F94C3787C6 /* [CP] Check Pods Manifest.lock */,
				890D481B2B39A88B002140BD /* Sources */,
				890D481C2B39A88B002140BD /* Frameworks */,
				890D481D2B39A88B002140BD /* Resources */,
			);
			buildRules = (
			);
			dependencies = (
				890D48212B39A88B002140BD /* PBXTargetDependency */,
			);
			name = iMoodiTests;
			productName = iMoodiTests;
			productReference = 890D481F2B39A88B002140BD /* iMoodiTests.xctest */;
			productType = "com.apple.product-type.bundle.unit-test";
		};
		890D48282B39A88B002140BD /* iMoodiUITests */ = {
			isa = PBXNativeTarget;
			buildConfigurationList = 890D48392B39A88B002140BD /* Build configuration list for PBXNativeTarget "iMoodiUITests" */;
			buildPhases = (
				3FBC322D5F9DEB537DD80610 /* [CP] Check Pods Manifest.lock */,
				890D48252B39A88B002140BD /* Sources */,
				890D48262B39A88B002140BD /* Frameworks */,
				890D48272B39A88B002140BD /* Resources */,
				8673A0820BFE31C1D51C12B4 /* [CP] Embed Pods Frameworks */,
			);
			buildRules = (
			);
			dependencies = (
				890D482B2B39A88B002140BD /* PBXTargetDependency */,
			);
			name = iMoodiUITests;
			productName = iMoodiUITests;
			productReference = 890D48292B39A88B002140BD /* iMoodiUITests.xctest */;
			productType = "com.apple.product-type.bundle.ui-testing";
		};
/* End PBXNativeTarget section */

/* Begin PBXProject section */
		890D48012B39A889002140BD /* Project object */ = {
			isa = PBXProject;
			attributes = {
				BuildIndependentTargetsInParallel = 1;
				LastSwiftUpdateCheck = 1510;
				LastUpgradeCheck = 1510;
				TargetAttributes = {
					890D48082B39A889002140BD = {
						CreatedOnToolsVersion = 15.1;
					};
					890D481E2B39A88B002140BD = {
						CreatedOnToolsVersion = 15.1;
						TestTargetID = 890D48082B39A889002140BD;
					};
					890D48282B39A88B002140BD = {
						CreatedOnToolsVersion = 15.1;
						TestTargetID = 890D48082B39A889002140BD;
					};
				};
			};
			buildConfigurationList = 890D48042B39A889002140BD /* Build configuration list for PBXProject "iMoodi" */;
			compatibilityVersion = "Xcode 14.0";
			developmentRegion = en;
			hasScannedForEncodings = 0;
			knownRegions = (
				en,
				Base,
			);
			mainGroup = 890D48002B39A889002140BD;
			productRefGroup = 890D480A2B39A889002140BD /* Products */;
			projectDirPath = "";
			projectRoot = "";
			targets = (
				890D48082B39A889002140BD /* iMoodi */,
				890D481E2B39A88B002140BD /* iMoodiTests */,
				890D48282B39A88B002140BD /* iMoodiUITests */,
			);
		};
/* End PBXProject section */

/* Begin PBXResourcesBuildPhase section */
		890D48072B39A889002140BD /* Resources */ = {
			isa = PBXResourcesBuildPhase;
			buildActionMask = 2147483647;
			files = (
				890D48192B39A88B002140BD /* LaunchScreen.storyboard in Resources */,
				897CB9912B41A61A00E8CCBE /* MessageCell.xib in Resources */,
				89A6FDDB2B3FF3C700CE4B6A /* GoogleService-Info.plist in Resources */,
				89D04E262B4014A0002921CF /* FeedsViewCell.xib in Resources */,
				890D48162B39A88B002140BD /* Assets.xcassets in Resources */,
				890D48142B39A88A002140BD /* Main.storyboard in Resources */,
			);
			runOnlyForDeploymentPostprocessing = 0;
		};
		890D481D2B39A88B002140BD /* Resources */ = {
			isa = PBXResourcesBuildPhase;
			buildActionMask = 2147483647;
			files = (
			);
			runOnlyForDeploymentPostprocessing = 0;
		};
		890D48272B39A88B002140BD /* Resources */ = {
			isa = PBXResourcesBuildPhase;
			buildActionMask = 2147483647;
			files = (
			);
			runOnlyForDeploymentPostprocessing = 0;
		};
/* End PBXResourcesBuildPhase section */

/* Begin PBXShellScriptBuildPhase section */
		02CAECD45119C2F94C3787C6 /* [CP] Check Pods Manifest.lock */ = {
			isa = PBXShellScriptBuildPhase;
			buildActionMask = 2147483647;
			files = (
			);
			inputFileListPaths = (
			);
			inputPaths = (
				"${PODS_PODFILE_DIR_PATH}/Podfile.lock",
				"${PODS_ROOT}/Manifest.lock",
			);
			name = "[CP] Check Pods Manifest.lock";
			outputFileListPaths = (
			);
			outputPaths = (
				"$(DERIVED_FILE_DIR)/Pods-iMoodiTests-checkManifestLockResult.txt",
			);
			runOnlyForDeploymentPostprocessing = 0;
			shellPath = /bin/sh;
			shellScript = "diff \"${PODS_PODFILE_DIR_PATH}/Podfile.lock\" \"${PODS_ROOT}/Manifest.lock\" > /dev/null\nif [ $? != 0 ] ; then\n    # print error to STDERR\n    echo \"error: The sandbox is not in sync with the Podfile.lock. Run 'pod install' or update your CocoaPods installation.\" >&2\n    exit 1\nfi\n# This output is used by Xcode 'outputs' to avoid re-running this script phase.\necho \"SUCCESS\" > \"${SCRIPT_OUTPUT_FILE_0}\"\n";
			showEnvVarsInLog = 0;
		};
		22A5F4FD49875462F991EBFC /* [CP] Embed Pods Frameworks */ = {
			isa = PBXShellScriptBuildPhase;
			buildActionMask = 2147483647;
			files = (
			);
			inputFileListPaths = (
				"${PODS_ROOT}/Target Support Files/Pods-iMoodi/Pods-iMoodi-frameworks-${CONFIGURATION}-input-files.xcfilelist",
			);
			name = "[CP] Embed Pods Frameworks";
			outputFileListPaths = (
				"${PODS_ROOT}/Target Support Files/Pods-iMoodi/Pods-iMoodi-frameworks-${CONFIGURATION}-output-files.xcfilelist",
			);
			runOnlyForDeploymentPostprocessing = 0;
			shellPath = /bin/sh;
			shellScript = "\"${PODS_ROOT}/Target Support Files/Pods-iMoodi/Pods-iMoodi-frameworks.sh\"\n";
			showEnvVarsInLog = 0;
		};
		3FBC322D5F9DEB537DD80610 /* [CP] Check Pods Manifest.lock */ = {
			isa = PBXShellScriptBuildPhase;
			buildActionMask = 2147483647;
			files = (
			);
			inputFileListPaths = (
			);
			inputPaths = (
				"${PODS_PODFILE_DIR_PATH}/Podfile.lock",
				"${PODS_ROOT}/Manifest.lock",
			);
			name = "[CP] Check Pods Manifest.lock";
			outputFileListPaths = (
			);
			outputPaths = (
				"$(DERIVED_FILE_DIR)/Pods-iMoodi-iMoodiUITests-checkManifestLockResult.txt",
			);
			runOnlyForDeploymentPostprocessing = 0;
			shellPath = /bin/sh;
			shellScript = "diff \"${PODS_PODFILE_DIR_PATH}/Podfile.lock\" \"${PODS_ROOT}/Manifest.lock\" > /dev/null\nif [ $? != 0 ] ; then\n    # print error to STDERR\n    echo \"error: The sandbox is not in sync with the Podfile.lock. Run 'pod install' or update your CocoaPods installation.\" >&2\n    exit 1\nfi\n# This output is used by Xcode 'outputs' to avoid re-running this script phase.\necho \"SUCCESS\" > \"${SCRIPT_OUTPUT_FILE_0}\"\n";
			showEnvVarsInLog = 0;
		};
		8673A0820BFE31C1D51C12B4 /* [CP] Embed Pods Frameworks */ = {
			isa = PBXShellScriptBuildPhase;
			buildActionMask = 2147483647;
			files = (
			);
			inputFileListPaths = (
				"${PODS_ROOT}/Target Support Files/Pods-iMoodi-iMoodiUITests/Pods-iMoodi-iMoodiUITests-frameworks-${CONFIGURATION}-input-files.xcfilelist",
			);
			name = "[CP] Embed Pods Frameworks";
			outputFileListPaths = (
				"${PODS_ROOT}/Target Support Files/Pods-iMoodi-iMoodiUITests/Pods-iMoodi-iMoodiUITests-frameworks-${CONFIGURATION}-output-files.xcfilelist",
			);
			runOnlyForDeploymentPostprocessing = 0;
			shellPath = /bin/sh;
			shellScript = "\"${PODS_ROOT}/Target Support Files/Pods-iMoodi-iMoodiUITests/Pods-iMoodi-iMoodiUITests-frameworks.sh\"\n";
			showEnvVarsInLog = 0;
		};
		A70BC3966F430266E7400126 /* [CP] Check Pods Manifest.lock */ = {
			isa = PBXShellScriptBuildPhase;
			buildActionMask = 2147483647;
			files = (
			);
			inputFileListPaths = (
			);
			inputPaths = (
				"${PODS_PODFILE_DIR_PATH}/Podfile.lock",
				"${PODS_ROOT}/Manifest.lock",
			);
			name = "[CP] Check Pods Manifest.lock";
			outputFileListPaths = (
			);
			outputPaths = (
				"$(DERIVED_FILE_DIR)/Pods-iMoodi-checkManifestLockResult.txt",
			);
			runOnlyForDeploymentPostprocessing = 0;
			shellPath = /bin/sh;
			shellScript = "diff \"${PODS_PODFILE_DIR_PATH}/Podfile.lock\" \"${PODS_ROOT}/Manifest.lock\" > /dev/null\nif [ $? != 0 ] ; then\n    # print error to STDERR\n    echo \"error: The sandbox is not in sync with the Podfile.lock. Run 'pod install' or update your CocoaPods installation.\" >&2\n    exit 1\nfi\n# This output is used by Xcode 'outputs' to avoid re-running this script phase.\necho \"SUCCESS\" > \"${SCRIPT_OUTPUT_FILE_0}\"\n";
			showEnvVarsInLog = 0;
		};
/* End PBXShellScriptBuildPhase section */

/* Begin PBXSourcesBuildPhase section */
		890D48052B39A889002140BD /* Sources */ = {
			isa = PBXSourcesBuildPhase;
			buildActionMask = 2147483647;
			files = (
				89D04E252B4014A0002921CF /* FeedsViewCell.swift in Sources */,
				89D04E292B401881002921CF /* ApiManager.swift in Sources */,
				89A6FDDD2B3FF48500CE4B6A /* LoginViewController.swift in Sources */,
				890D48112B39A88A002140BD /* HomeViewController.swift in Sources */,
				89BAFAF62B4F868F008E7B28 /* ToastMessageView.swift in Sources */,
				89D04E2B2B40190E002921CF /* PhotoListData.swift in Sources */,
				897CB9902B41A61A00E8CCBE /* MessageCell.swift in Sources */,
				89BAFAF42B4F83E7008E7B28 /* CreateUserController.swift in Sources */,
				890D480D2B39A889002140BD /* AppDelegate.swift in Sources */,
				89C869B62B3EC8880035D4F0 /* SearchViewController.swift in Sources */,
				89C869B82B3EC89D0035D4F0 /* ChatViewController.swift in Sources */,
				890D480F2B39A88A002140BD /* SceneDelegate.swift in Sources */,
				89A6FDD92B3FF1B300CE4B6A /* Constants.swift in Sources */,
				89D04E2D2B401AC5002921CF /* PhotoListModel.swift in Sources */,
			);
			runOnlyForDeploymentPostprocessing = 0;
		};
		890D481B2B39A88B002140BD /* Sources */ = {
			isa = PBXSourcesBuildPhase;
			buildActionMask = 2147483647;
			files = (
				890D48242B39A88B002140BD /* iMoodiTests.swift in Sources */,
			);
			runOnlyForDeploymentPostprocessing = 0;
		};
		890D48252B39A88B002140BD /* Sources */ = {
			isa = PBXSourcesBuildPhase;
			buildActionMask = 2147483647;
			files = (
				890D482E2B39A88B002140BD /* iMoodiUITests.swift in Sources */,
				890D48302B39A88B002140BD /* iMoodiUITestsLaunchTests.swift in Sources */,
			);
			runOnlyForDeploymentPostprocessing = 0;
		};
/* End PBXSourcesBuildPhase section */

/* Begin PBXTargetDependency section */
		890D48212B39A88B002140BD /* PBXTargetDependency */ = {
			isa = PBXTargetDependency;
			target = 890D48082B39A889002140BD /* iMoodi */;
			targetProxy = 890D48202B39A88B002140BD /* PBXContainerItemProxy */;
		};
		890D482B2B39A88B002140BD /* PBXTargetDependency */ = {
			isa = PBXTargetDependency;
			target = 890D48082B39A889002140BD /* iMoodi */;
			targetProxy = 890D482A2B39A88B002140BD /* PBXContainerItemProxy */;
		};
/* End PBXTargetDependency section */

/* Begin PBXVariantGroup section */
		890D48122B39A88A002140BD /* Main.storyboard */ = {
			isa = PBXVariantGroup;
			children = (
				890D48132B39A88A002140BD /* Base */,
			);
			name = Main.storyboard;
			sourceTree = "<group>";
		};
		890D48172B39A88B002140BD /* LaunchScreen.storyboard */ = {
			isa = PBXVariantGroup;
			children = (
				890D48182B39A88B002140BD /* Base */,
			);
			name = LaunchScreen.storyboard;
			sourceTree = "<group>";
		};
/* End PBXVariantGroup section */

/* Begin XCBuildConfiguration section */
		890D48312B39A88B002140BD /* Debug */ = {
			isa = XCBuildConfiguration;
			buildSettings = {
				ALWAYS_SEARCH_USER_PATHS = NO;
				ASSETCATALOG_COMPILER_GENERATE_SWIFT_ASSET_SYMBOL_EXTENSIONS = YES;
				CLANG_ANALYZER_NONNULL = YES;
				CLANG_ANALYZER_NUMBER_OBJECT_CONVERSION = YES_AGGRESSIVE;
				CLANG_CXX_LANGUAGE_STANDARD = "gnu++20";
				CLANG_ENABLE_MODULES = YES;
				CLANG_ENABLE_OBJC_ARC = YES;
				CLANG_ENABLE_OBJC_WEAK = YES;
				CLANG_WARN_BLOCK_CAPTURE_AUTORELEASING = YES;
				CLANG_WARN_BOOL_CONVERSION = YES;
				CLANG_WARN_COMMA = YES;
				CLANG_WARN_CONSTANT_CONVERSION = YES;
				CLANG_WARN_DEPRECATED_OBJC_IMPLEMENTATIONS = YES;
				CLANG_WARN_DIRECT_OBJC_ISA_USAGE = YES_ERROR;
				CLANG_WARN_DOCUMENTATION_COMMENTS = YES;
				CLANG_WARN_EMPTY_BODY = YES;
				CLANG_WARN_ENUM_CONVERSION = YES;
				CLANG_WARN_INFINITE_RECURSION = YES;
				CLANG_WARN_INT_CONVERSION = YES;
				CLANG_WARN_NON_LITERAL_NULL_CONVERSION = YES;
				CLANG_WARN_OBJC_IMPLICIT_RETAIN_SELF = YES;
				CLANG_WARN_OBJC_LITERAL_CONVERSION = YES;
				CLANG_WARN_OBJC_ROOT_CLASS = YES_ERROR;
				CLANG_WARN_QUOTED_INCLUDE_IN_FRAMEWORK_HEADER = YES;
				CLANG_WARN_RANGE_LOOP_ANALYSIS = YES;
				CLANG_WARN_STRICT_PROTOTYPES = YES;
				CLANG_WARN_SUSPICIOUS_MOVE = YES;
				CLANG_WARN_UNGUARDED_AVAILABILITY = YES_AGGRESSIVE;
				CLANG_WARN_UNREACHABLE_CODE = YES;
				CLANG_WARN__DUPLICATE_METHOD_MATCH = YES;
				COPY_PHASE_STRIP = NO;
				DEBUG_INFORMATION_FORMAT = dwarf;
				ENABLE_STRICT_OBJC_MSGSEND = YES;
				ENABLE_TESTABILITY = YES;
				ENABLE_USER_SCRIPT_SANDBOXING = YES;
				GCC_C_LANGUAGE_STANDARD = gnu17;
				GCC_DYNAMIC_NO_PIC = NO;
				GCC_NO_COMMON_BLOCKS = YES;
				GCC_OPTIMIZATION_LEVEL = 0;
				GCC_PREPROCESSOR_DEFINITIONS = (
					"DEBUG=1",
					"$(inherited)",
				);
				GCC_WARN_64_TO_32_BIT_CONVERSION = YES;
				GCC_WARN_ABOUT_RETURN_TYPE = YES_ERROR;
				GCC_WARN_UNDECLARED_SELECTOR = YES;
				GCC_WARN_UNINITIALIZED_AUTOS = YES_AGGRESSIVE;
				GCC_WARN_UNUSED_FUNCTION = YES;
				GCC_WARN_UNUSED_VARIABLE = YES;
				IPHONEOS_DEPLOYMENT_TARGET = 17.2;
				LOCALIZATION_PREFERS_STRING_CATALOGS = YES;
				MTL_ENABLE_DEBUG_INFO = INCLUDE_SOURCE;
				MTL_FAST_MATH = YES;
				ONLY_ACTIVE_ARCH = YES;
				SDKROOT = iphoneos;
				SWIFT_ACTIVE_COMPILATION_CONDITIONS = "DEBUG $(inherited)";
				SWIFT_OPTIMIZATION_LEVEL = "-Onone";
			};
			name = Debug;
		};
		890D48322B39A88B002140BD /* Release */ = {
			isa = XCBuildConfiguration;
			buildSettings = {
				ALWAYS_SEARCH_USER_PATHS = NO;
				ASSETCATALOG_COMPILER_GENERATE_SWIFT_ASSET_SYMBOL_EXTENSIONS = YES;
				CLANG_ANALYZER_NONNULL = YES;
				CLANG_ANALYZER_NUMBER_OBJECT_CONVERSION = YES_AGGRESSIVE;
				CLANG_CXX_LANGUAGE_STANDARD = "gnu++20";
				CLANG_ENABLE_MODULES = YES;
				CLANG_ENABLE_OBJC_ARC = YES;
				CLANG_ENABLE_OBJC_WEAK = YES;
				CLANG_WARN_BLOCK_CAPTURE_AUTORELEASING = YES;
				CLANG_WARN_BOOL_CONVERSION = YES;
				CLANG_WARN_COMMA = YES;
				CLANG_WARN_CONSTANT_CONVERSION = YES;
				CLANG_WARN_DEPRECATED_OBJC_IMPLEMENTATIONS = YES;
				CLANG_WARN_DIRECT_OBJC_ISA_USAGE = YES_ERROR;
				CLANG_WARN_DOCUMENTATION_COMMENTS = YES;
				CLANG_WARN_EMPTY_BODY = YES;
				CLANG_WARN_ENUM_CONVERSION = YES;
				CLANG_WARN_INFINITE_RECURSION = YES;
				CLANG_WARN_INT_CONVERSION = YES;
				CLANG_WARN_NON_LITERAL_NULL_CONVERSION = YES;
				CLANG_WARN_OBJC_IMPLICIT_RETAIN_SELF = YES;
				CLANG_WARN_OBJC_LITERAL_CONVERSION = YES;
				CLANG_WARN_OBJC_ROOT_CLASS = YES_ERROR;
				CLANG_WARN_QUOTED_INCLUDE_IN_FRAMEWORK_HEADER = YES;
				CLANG_WARN_RANGE_LOOP_ANALYSIS = YES;
				CLANG_WARN_STRICT_PROTOTYPES = YES;
				CLANG_WARN_SUSPICIOUS_MOVE = YES;
				CLANG_WARN_UNGUARDED_AVAILABILITY = YES_AGGRESSIVE;
				CLANG_WARN_UNREACHABLE_CODE = YES;
				CLANG_WARN__DUPLICATE_METHOD_MATCH = YES;
				COPY_PHASE_STRIP = NO;
				DEBUG_INFORMATION_FORMAT = "dwarf-with-dsym";
				ENABLE_NS_ASSERTIONS = NO;
				ENABLE_STRICT_OBJC_MSGSEND = YES;
				ENABLE_USER_SCRIPT_SANDBOXING = YES;
				GCC_C_LANGUAGE_STANDARD = gnu17;
				GCC_NO_COMMON_BLOCKS = YES;
				GCC_WARN_64_TO_32_BIT_CONVERSION = YES;
				GCC_WARN_ABOUT_RETURN_TYPE = YES_ERROR;
				GCC_WARN_UNDECLARED_SELECTOR = YES;
				GCC_WARN_UNINITIALIZED_AUTOS = YES_AGGRESSIVE;
				GCC_WARN_UNUSED_FUNCTION = YES;
				GCC_WARN_UNUSED_VARIABLE = YES;
				IPHONEOS_DEPLOYMENT_TARGET = 17.2;
				LOCALIZATION_PREFERS_STRING_CATALOGS = YES;
				MTL_ENABLE_DEBUG_INFO = NO;
				MTL_FAST_MATH = YES;
				SDKROOT = iphoneos;
				SWIFT_COMPILATION_MODE = wholemodule;
				VALIDATE_PRODUCT = YES;
			};
			name = Release;
		};
		890D48342B39A88B002140BD /* Debug */ = {
			isa = XCBuildConfiguration;
			baseConfigurationReference = FD19BFB2A2FE0D04C0299207 /* Pods-iMoodi.debug.xcconfig */;
			buildSettings = {
				ASSETCATALOG_COMPILER_APPICON_NAME = AppIcon;
				ASSETCATALOG_COMPILER_GLOBAL_ACCENT_COLOR_NAME = AccentColor;
				CODE_SIGN_STYLE = Automatic;
				CURRENT_PROJECT_VERSION = 1;
				DEVELOPMENT_TEAM = GK4JYGZS48;
				ENABLE_USER_SCRIPT_SANDBOXING = NO;
				GENERATE_INFOPLIST_FILE = YES;
				INFOPLIST_FILE = iMoodi/Info.plist;
				INFOPLIST_KEY_UIApplicationSupportsIndirectInputEvents = YES;
				INFOPLIST_KEY_UILaunchStoryboardName = LaunchScreen;
				INFOPLIST_KEY_UIMainStoryboardFile = Main;
				INFOPLIST_KEY_UISupportedInterfaceOrientations_iPad = "UIInterfaceOrientationPortrait UIInterfaceOrientationPortraitUpsideDown UIInterfaceOrientationLandscapeLeft UIInterfaceOrientationLandscapeRight";
				INFOPLIST_KEY_UISupportedInterfaceOrientations_iPhone = "UIInterfaceOrientationPortrait UIInterfaceOrientationLandscapeLeft UIInterfaceOrientationLandscapeRight";
				LD_RUNPATH_SEARCH_PATHS = (
					"$(inherited)",
					"@executable_path/Frameworks",
				);
				MARKETING_VERSION = 1.0;
				PRODUCT_BUNDLE_IDENTIFIER = shreyash.iMoodi;
				PRODUCT_NAME = "$(TARGET_NAME)";
				SWIFT_EMIT_LOC_STRINGS = YES;
				SWIFT_VERSION = 5.0;
				TARGETED_DEVICE_FAMILY = "1,2";
			};
			name = Debug;
		};
		890D48352B39A88B002140BD /* Release */ = {
			isa = XCBuildConfiguration;
			baseConfigurationReference = EE75A19644E2451117871BAF /* Pods-iMoodi.release.xcconfig */;
			buildSettings = {
				ASSETCATALOG_COMPILER_APPICON_NAME = AppIcon;
				ASSETCATALOG_COMPILER_GLOBAL_ACCENT_COLOR_NAME = AccentColor;
				CODE_SIGN_STYLE = Automatic;
				CURRENT_PROJECT_VERSION = 1;
				DEVELOPMENT_TEAM = GK4JYGZS48;
				ENABLE_USER_SCRIPT_SANDBOXING = NO;
				GENERATE_INFOPLIST_FILE = YES;
				INFOPLIST_FILE = iMoodi/Info.plist;
				INFOPLIST_KEY_UIApplicationSupportsIndirectInputEvents = YES;
				INFOPLIST_KEY_UILaunchStoryboardName = LaunchScreen;
				INFOPLIST_KEY_UIMainStoryboardFile = Main;
				INFOPLIST_KEY_UISupportedInterfaceOrientations_iPad = "UIInterfaceOrientationPortrait UIInterfaceOrientationPortraitUpsideDown UIInterfaceOrientationLandscapeLeft UIInterfaceOrientationLandscapeRight";
				INFOPLIST_KEY_UISupportedInterfaceOrientations_iPhone = "UIInterfaceOrientationPortrait UIInterfaceOrientationLandscapeLeft UIInterfaceOrientationLandscapeRight";
				LD_RUNPATH_SEARCH_PATHS = (
					"$(inherited)",
					"@executable_path/Frameworks",
				);
				MARKETING_VERSION = 1.0;
				PRODUCT_BUNDLE_IDENTIFIER = shreyash.iMoodi;
				PRODUCT_NAME = "$(TARGET_NAME)";
				SWIFT_EMIT_LOC_STRINGS = YES;
				SWIFT_VERSION = 5.0;
				TARGETED_DEVICE_FAMILY = "1,2";
			};
			name = Release;
		};
		890D48372B39A88B002140BD /* Debug */ = {
			isa = XCBuildConfiguration;
			baseConfigurationReference = A075D8C1C242F4DF2F99F2D6 /* Pods-iMoodiTests.debug.xcconfig */;
			buildSettings = {
				ALWAYS_EMBED_SWIFT_STANDARD_LIBRARIES = YES;
				BUNDLE_LOADER = "$(TEST_HOST)";
				CODE_SIGN_STYLE = Automatic;
				CURRENT_PROJECT_VERSION = 1;
				DEVELOPMENT_TEAM = GK4JYGZS48;
				GENERATE_INFOPLIST_FILE = YES;
				IPHONEOS_DEPLOYMENT_TARGET = 17.2;
				MARKETING_VERSION = 1.0;
				PRODUCT_BUNDLE_IDENTIFIER = shreyash.iMoodiTests;
				PRODUCT_NAME = "$(TARGET_NAME)";
				SWIFT_EMIT_LOC_STRINGS = NO;
				SWIFT_VERSION = 5.0;
				TARGETED_DEVICE_FAMILY = "1,2";
				TEST_HOST = "$(BUILT_PRODUCTS_DIR)/iMoodi.app/$(BUNDLE_EXECUTABLE_FOLDER_PATH)/iMoodi";
			};
			name = Debug;
		};
		890D48382B39A88B002140BD /* Release */ = {
			isa = XCBuildConfiguration;
			baseConfigurationReference = 538579C03F333B5F6BB84FEC /* Pods-iMoodiTests.release.xcconfig */;
			buildSettings = {
				ALWAYS_EMBED_SWIFT_STANDARD_LIBRARIES = YES;
				BUNDLE_LOADER = "$(TEST_HOST)";
				CODE_SIGN_STYLE = Automatic;
				CURRENT_PROJECT_VERSION = 1;
				DEVELOPMENT_TEAM = GK4JYGZS48;
				GENERATE_INFOPLIST_FILE = YES;
				IPHONEOS_DEPLOYMENT_TARGET = 17.2;
				MARKETING_VERSION = 1.0;
				PRODUCT_BUNDLE_IDENTIFIER = shreyash.iMoodiTests;
				PRODUCT_NAME = "$(TARGET_NAME)";
				SWIFT_EMIT_LOC_STRINGS = NO;
				SWIFT_VERSION = 5.0;
				TARGETED_DEVICE_FAMILY = "1,2";
				TEST_HOST = "$(BUILT_PRODUCTS_DIR)/iMoodi.app/$(BUNDLE_EXECUTABLE_FOLDER_PATH)/iMoodi";
			};
			name = Release;
		};
		890D483A2B39A88B002140BD /* Debug */ = {
			isa = XCBuildConfiguration;
			baseConfigurationReference = F448AC129833E9BCA6C67D13 /* Pods-iMoodi-iMoodiUITests.debug.xcconfig */;
			buildSettings = {
				ALWAYS_EMBED_SWIFT_STANDARD_LIBRARIES = YES;
				CODE_SIGN_STYLE = Automatic;
				CURRENT_PROJECT_VERSION = 1;
				DEVELOPMENT_TEAM = GK4JYGZS48;
				GENERATE_INFOPLIST_FILE = YES;
				MARKETING_VERSION = 1.0;
				PRODUCT_BUNDLE_IDENTIFIER = shreyash.iMoodiUITests;
				PRODUCT_NAME = "$(TARGET_NAME)";
				SWIFT_EMIT_LOC_STRINGS = NO;
				SWIFT_VERSION = 5.0;
				TARGETED_DEVICE_FAMILY = "1,2";
				TEST_TARGET_NAME = iMoodi;
			};
			name = Debug;
		};
		890D483B2B39A88B002140BD /* Release */ = {
			isa = XCBuildConfiguration;
			baseConfigurationReference = BCF88BA8558419146A58131D /* Pods-iMoodi-iMoodiUITests.release.xcconfig */;
			buildSettings = {
				ALWAYS_EMBED_SWIFT_STANDARD_LIBRARIES = YES;
				CODE_SIGN_STYLE = Automatic;
				CURRENT_PROJECT_VERSION = 1;
				DEVELOPMENT_TEAM = GK4JYGZS48;
				GENERATE_INFOPLIST_FILE = YES;
				MARKETING_VERSION = 1.0;
				PRODUCT_BUNDLE_IDENTIFIER = shreyash.iMoodiUITests;
				PRODUCT_NAME = "$(TARGET_NAME)";
				SWIFT_EMIT_LOC_STRINGS = NO;
				SWIFT_VERSION = 5.0;
				TARGETED_DEVICE_FAMILY = "1,2";
				TEST_TARGET_NAME = iMoodi;
			};
			name = Release;
		};
/* End XCBuildConfiguration section */

/* Begin XCConfigurationList section */
		890D48042B39A889002140BD /* Build configuration list for PBXProject "iMoodi" */ = {
			isa = XCConfigurationList;
			buildConfigurations = (
				890D48312B39A88B002140BD /* Debug */,
				890D48322B39A88B002140BD /* Release */,
			);
			defaultConfigurationIsVisible = 0;
			defaultConfigurationName = Release;
		};
		890D48332B39A88B002140BD /* Build configuration list for PBXNativeTarget "iMoodi" */ = {
			isa = XCConfigurationList;
			buildConfigurations = (
				890D48342B39A88B002140BD /* Debug */,
				890D48352B39A88B002140BD /* Release */,
			);
			defaultConfigurationIsVisible = 0;
			defaultConfigurationName = Release;
		};
		890D48362B39A88B002140BD /* Build configuration list for PBXNativeTarget "iMoodiTests" */ = {
			isa = XCConfigurationList;
			buildConfigurations = (
				890D48372B39A88B002140BD /* Debug */,
				890D48382B39A88B002140BD /* Release */,
			);
			defaultConfigurationIsVisible = 0;
			defaultConfigurationName = Release;
		};
		890D48392B39A88B002140BD /* Build configuration list for PBXNativeTarget "iMoodiUITests" */ = {
			isa = XCConfigurationList;
			buildConfigurations = (
				890D483A2B39A88B002140BD /* Debug */,
				890D483B2B39A88B002140BD /* Release */,
			);
			defaultConfigurationIsVisible = 0;
			defaultConfigurationName = Release;
		};
/* End XCConfigurationList section */
	};
	rootObject = 890D48012B39A889002140BD /* Project object */;
}
